
Microsoft Visual Studio Solution File, Format Version 12.00
# Visual Studio Version 17
VisualStudioVersion = 17.11.35222.181
MinimumVisualStudioVersion = 10.0.40219.1
Project("{9A19103F-16F7-4668-BE54-9A1E7A4F7556}") = "Tyuiu.MiliukovLO.Sprint4.Task0.V4", "Tyuiu.MiliukovLO.Sprint4.Task0.V4\Tyuiu.MiliukovLO.Sprint4.Task0.V4.csproj", "{BD933CE3-7071-4569-B4F7-F0641F190C75}"
EndProject
Project("{9A19103F-16F7-4668-BE54-9A1E7A4F7556}") = "Tyuiu.MiliukovLO.Sprint4.Task0.V4.Test", "Tyuiu.MiliukovLO.Sprint4.Task0.V4.Test\Tyuiu.MiliukovLO.Sprint4.Task0.V4.Test.csproj", "{4D6B1A52-8F9F-4AA2-A9E1-513A0AAA0EAB}"
EndProject
Project("{9A19103F-16F7-4668-BE54-9A1E7A4F7556}") = "Tyuiu.MiliukovLO.Sprint4.Task0.V4.Lib", "Tyuiu.MiliukovLO.Sprint4.Task0.V4.Lib\Tyuiu.MiliukovLO.Sprint4.Task0.V4.Lib.csproj", "{5AAA9804-3A89-4B6B-86DA-EEC1B608907C}"
EndProject
Project("{2150E333-8FDC-42A3-9474-1A3956D46DE8}") = "Task0", "Task0", "{9448FE45-1C21-431C-9FA6-86A0BDD7D106}"
EndProject
Project("{2150E333-8FDC-42A3-9474-1A3956D46DE8}") = "Task1", "Task1", "{75226642-6534-4658-A16D-9A9B3C91DB3B}"
EndProject
Project("{9A19103F-16F7-4668-BE54-9A1E7A4F7556}") = "Tyuiu.MiliukovLO.Sprint4.Task1.V12", "Tyuiu.MiliukovLO.Sprint4.Task1.V12\Tyuiu.MiliukovLO.Sprint4.Task1.V12.csproj", "{72ED3D26-23CE-4688-BF64-E9F1F7F713D2}"
EndProject
Project("{9A19103F-16F7-4668-BE54-9A1E7A4F7556}") = "Tyuiu.MiliukovLO.Sprint4.Task1.V12.Test", "Tyuiu.MiliukovLO.Sprint4.Task1.V12.Test\Tyuiu.MiliukovLO.Sprint4.Task1.V12.Test.csproj", "{2AF70081-73C2-4E24-86E7-28D2D667A272}"
EndProject
Project("{9A19103F-16F7-4668-BE54-9A1E7A4F7556}") = "Tyuiu.MiliukovLO.Sprint4.Task1.V12.Lib", "Tyuiu.MiliukovLO.Sprint4.Task1.V12.Lib\Tyuiu.MiliukovLO.Sprint4.Task1.V12.Lib.csproj", "{22613026-A283-4851-8066-BAEAF3E0FDBC}"
EndProject
Project("{2150E333-8FDC-42A3-9474-1A3956D46DE8}") = "Task2", "Task2", "{BE675726-313B-4B15-B71E-8E415E9F3554}"
EndProject
Project("{9A19103F-16F7-4668-BE54-9A1E7A4F7556}") = "Tyuiu.MiliukovLO.Sprint4.Task2.V19", "Tyuiu.MiliukovLO.Sprint4.Task2.V19\Tyuiu.MiliukovLO.Sprint4.Task2.V19.csproj", "{11E4C587-5040-4987-A37B-359D93C9F018}"
EndProject
Project("{9A19103F-16F7-4668-BE54-9A1E7A4F7556}") = "Tyuiu.MiliukovLO.Sprint4.Task2.V19.Test", "Tyuiu.MiliukovLO.Sprint4.Task2.V19.Test\Tyuiu.MiliukovLO.Sprint4.Task2.V19.Test.csproj", "{7DF1E932-70EC-4EDF-A801-2CDE524C4717}"
EndProject
Project("{9A19103F-16F7-4668-BE54-9A1E7A4F7556}") = "Tyuiu.MiliukovLO.Sprint4.Task2.V19.Lib", "Tyuiu.MiliukovLO.Sprint4.Task2.V19.Lib\Tyuiu.MiliukovLO.Sprint4.Task2.V19.Lib.csproj", "{48BEC203-EA01-44F6-9FDF-766014C52B63}"
EndProject
Project("{2150E333-8FDC-42A3-9474-1A3956D46DE8}") = "Task3", "Task3", "{14B90AC1-274F-4891-8092-7B8E2D79F656}"
EndProject
Project("{FAE04EC0-301F-11D3-BF4B-00C04F79EFBC}") = "Tyuiu.MiliukovLO.Sprint4.Task3.V18", "Tyuiu.MiliukovLO.Sprint4.Task3.V18\Tyuiu.MiliukovLO.Sprint4.Task3.V18.csproj", "{C056578C-7CA4-4389-95E6-9BB890B42301}"
EndProject
Project("{FAE04EC0-301F-11D3-BF4B-00C04F79EFBC}") = "Tyuiu.MiliukovLO.Sprint4.Task3.V18.Test", "Tyuiu.MiliukovLO.Sprint4.Task3.V18.Test\Tyuiu.MiliukovLO.Sprint4.Task3.V18.Test.csproj", "{D3F6AE53-37F2-4AF7-91F1-727AEA97ABBE}"
EndProject
Project("{FAE04EC0-301F-11D3-BF4B-00C04F79EFBC}") = "Tyuiu.MiliukovLO.Sprint4.Task3.V18.Lib", "Tyuiu.MiliukovLO.Sprint4.Task3.V18.Lib\Tyuiu.MiliukovLO.Sprint4.Task3.V18.Lib.csproj", "{42230025-540C-4DC4-8294-03D61EA4D2BC}"
EndProject
Project("{2150E333-8FDC-42A3-9474-1A3956D46DE8}") = "Task4", "Task4", "{EC7F194C-00DC-4246-A313-5ED244E9F44D}"
EndProject
Project("{FAE04EC0-301F-11D3-BF4B-00C04F79EFBC}") = "Tyuiu.MiliukovLO.Sprint4.Task4.V17", "Tyuiu.MiliukovLO.Sprint4.Task4.V17\Tyuiu.MiliukovLO.Sprint4.Task4.V17.csproj", "{E8A21AB9-A2C2-4EA9-9F68-277FAC0F2CCF}"
EndProject
Project("{FAE04EC0-301F-11D3-BF4B-00C04F79EFBC}") = "Tyuiu.MiliukovLO.Sprint4.Task4.V17.Test", "Tyuiu.MiliukovLO.Sprint4.Task4.V17.Test\Tyuiu.MiliukovLO.Sprint4.Task4.V17.Test.csproj", "{A95D2619-4BFF-47AE-B25D-E071052ED045}"
EndProject
Project("{FAE04EC0-301F-11D3-BF4B-00C04F79EFBC}") = "Tyuiu.MiliukovLO.Sprint4.Task4.V17.Lib", "Tyuiu.MiliukovLO.Sprint4.Task4.V17.Lib\Tyuiu.MiliukovLO.Sprint4.Task4.V17.Lib.csproj", "{62C8955E-2B00-40AD-B6A6-022B8EF23287}"
EndProject
Project("{2150E333-8FDC-42A3-9474-1A3956D46DE8}") = "Task5", "Task5", "{65BBFD41-AAD6-492E-B668-4645D4DB0805}"
EndProject
Project("{FAE04EC0-301F-11D3-BF4B-00C04F79EFBC}") = "Tyuiu.MiliukovLO.Sprint4.Task5.V9", "Tyuiu.MiliukovLO.Sprint4.Task5.V9\Tyuiu.MiliukovLO.Sprint4.Task5.V9.csproj", "{B6DBF8A8-0E73-45AE-9324-F8948F7C8246}"
EndProject
Project("{FAE04EC0-301F-11D3-BF4B-00C04F79EFBC}") = "Tyuiu.MiliukovLO.Sprint4.Task5.V9.Test", "Tyuiu.MiliukovLO.Sprint4.Task5.V9.Test\Tyuiu.MiliukovLO.Sprint4.Task5.V9.Test.csproj", "{E2B69BED-B766-4A18-AC7D-5C08058FD062}"
EndProject
Project("{FAE04EC0-301F-11D3-BF4B-00C04F79EFBC}") = "Tyuiu.MiliukovLO.Sprint4.Task5.V9.Lib", "Tyuiu.MiliukovLO.Sprint4.Task5.V9.Lib\Tyuiu.MiliukovLO.Sprint4.Task5.V9.Lib.csproj", "{237D11B7-9FC4-4507-AE6C-8C54C7E56030}"
EndProject
Project("{2150E333-8FDC-42A3-9474-1A3956D46DE8}") = "Task6", "Task6", "{4CD3240D-6BF0-4A14-85A7-7B06B0E4B6EA}"
EndProject
Project("{FAE04EC0-301F-11D3-BF4B-00C04F79EFBC}") = "Tyuiu.MiliukovLO.Sprint4.Task6.V20", "Tyuiu.MiliukovLO.Sprint4.Task6.V20\Tyuiu.MiliukovLO.Sprint4.Task6.V20.csproj", "{5B8DEC93-F9CF-48E1-96A2-BDED3631C28A}"
EndProject
Project("{FAE04EC0-301F-11D3-BF4B-00C04F79EFBC}") = "Tyuiu.MiliukovLO.Sprint4.Task6.V20.Test", "Tyuiu.MiliukovLO.Sprint4.Task6.V20.Test\Tyuiu.MiliukovLO.Sprint4.Task6.V20.Test.csproj", "{E7FEEED3-09D4-43B4-8F90-9FB5173F7B59}"
EndProject
Project("{FAE04EC0-301F-11D3-BF4B-00C04F79EFBC}") = "Tyuiu.MiliukovLO.Sprint4.Task6.V20.Lib", "Tyuiu.MiliukovLO.Sprint4.Task6.V20.Lib\Tyuiu.MiliukovLO.Sprint4.Task6.V20.Lib.csproj", "{8B35A134-B2EA-44C1-947E-D47A2256B716}"
EndProject
Global
	GlobalSection(SolutionConfigurationPlatforms) = preSolution
		Debug|Any CPU = Debug|Any CPU
		Release|Any CPU = Release|Any CPU
	EndGlobalSection
	GlobalSection(ProjectConfigurationPlatforms) = postSolution
		{BD933CE3-7071-4569-B4F7-F0641F190C75}.Debug|Any CPU.ActiveCfg = Debug|Any CPU
		{BD933CE3-7071-4569-B4F7-F0641F190C75}.Debug|Any CPU.Build.0 = Debug|Any CPU
		{BD933CE3-7071-4569-B4F7-F0641F190C75}.Release|Any CPU.ActiveCfg = Release|Any CPU
		{BD933CE3-7071-4569-B4F7-F0641F190C75}.Release|Any CPU.Build.0 = Release|Any CPU
		{4D6B1A52-8F9F-4AA2-A9E1-513A0AAA0EAB}.Debug|Any CPU.ActiveCfg = Debug|Any CPU
		{4D6B1A52-8F9F-4AA2-A9E1-513A0AAA0EAB}.Debug|Any CPU.Build.0 = Debug|Any CPU
		{4D6B1A52-8F9F-4AA2-A9E1-513A0AAA0EAB}.Release|Any CPU.ActiveCfg = Release|Any CPU
		{4D6B1A52-8F9F-4AA2-A9E1-513A0AAA0EAB}.Release|Any CPU.Build.0 = Release|Any CPU
		{5AAA9804-3A89-4B6B-86DA-EEC1B608907C}.Debug|Any CPU.ActiveCfg = Debug|Any CPU
		{5AAA9804-3A89-4B6B-86DA-EEC1B608907C}.Debug|Any CPU.Build.0 = Debug|Any CPU
		{5AAA9804-3A89-4B6B-86DA-EEC1B608907C}.Release|Any CPU.ActiveCfg = Release|Any CPU
		{5AAA9804-3A89-4B6B-86DA-EEC1B608907C}.Release|Any CPU.Build.0 = Release|Any CPU
		{72ED3D26-23CE-4688-BF64-E9F1F7F713D2}.Debug|Any CPU.ActiveCfg = Debug|Any CPU
		{72ED3D26-23CE-4688-BF64-E9F1F7F713D2}.Debug|Any CPU.Build.0 = Debug|Any CPU
		{72ED3D26-23CE-4688-BF64-E9F1F7F713D2}.Release|Any CPU.ActiveCfg = Release|Any CPU
		{72ED3D26-23CE-4688-BF64-E9F1F7F713D2}.Release|Any CPU.Build.0 = Release|Any CPU
		{2AF70081-73C2-4E24-86E7-28D2D667A272}.Debug|Any CPU.ActiveCfg = Debug|Any CPU
		{2AF70081-73C2-4E24-86E7-28D2D667A272}.Debug|Any CPU.Build.0 = Debug|Any CPU
		{2AF70081-73C2-4E24-86E7-28D2D667A272}.Release|Any CPU.ActiveCfg = Release|Any CPU
		{2AF70081-73C2-4E24-86E7-28D2D667A272}.Release|Any CPU.Build.0 = Release|Any CPU
		{22613026-A283-4851-8066-BAEAF3E0FDBC}.Debug|Any CPU.ActiveCfg = Debug|Any CPU
		{22613026-A283-4851-8066-BAEAF3E0FDBC}.Debug|Any CPU.Build.0 = Debug|Any CPU
		{22613026-A283-4851-8066-BAEAF3E0FDBC}.Release|Any CPU.ActiveCfg = Release|Any CPU
		{22613026-A283-4851-8066-BAEAF3E0FDBC}.Release|Any CPU.Build.0 = Release|Any CPU
		{11E4C587-5040-4987-A37B-359D93C9F018}.Debug|Any CPU.ActiveCfg = Debug|Any CPU
		{11E4C587-5040-4987-A37B-359D93C9F018}.Debug|Any CPU.Build.0 = Debug|Any CPU
		{11E4C587-5040-4987-A37B-359D93C9F018}.Release|Any CPU.ActiveCfg = Release|Any CPU
		{11E4C587-5040-4987-A37B-359D93C9F018}.Release|Any CPU.Build.0 = Release|Any CPU
		{7DF1E932-70EC-4EDF-A801-2CDE524C4717}.Debug|Any CPU.ActiveCfg = Debug|Any CPU
		{7DF1E932-70EC-4EDF-A801-2CDE524C4717}.Debug|Any CPU.Build.0 = Debug|Any CPU
		{7DF1E932-70EC-4EDF-A801-2CDE524C4717}.Release|Any CPU.ActiveCfg = Release|Any CPU
		{7DF1E932-70EC-4EDF-A801-2CDE524C4717}.Release|Any CPU.Build.0 = Release|Any CPU
		{48BEC203-EA01-44F6-9FDF-766014C52B63}.Debug|Any CPU.ActiveCfg = Debug|Any CPU
		{48BEC203-EA01-44F6-9FDF-766014C52B63}.Debug|Any CPU.Build.0 = Debug|Any CPU
		{48BEC203-EA01-44F6-9FDF-766014C52B63}.Release|Any CPU.ActiveCfg = Release|Any CPU
		{48BEC203-EA01-44F6-9FDF-766014C52B63}.Release|Any CPU.Build.0 = Release|Any CPU
		{C056578C-7CA4-4389-95E6-9BB890B42301}.Debug|Any CPU.ActiveCfg = Debug|Any CPU
		{C056578C-7CA4-4389-95E6-9BB890B42301}.Debug|Any CPU.Build.0 = Debug|Any CPU
		{C056578C-7CA4-4389-95E6-9BB890B42301}.Release|Any CPU.ActiveCfg = Release|Any CPU
		{C056578C-7CA4-4389-95E6-9BB890B42301}.Release|Any CPU.Build.0 = Release|Any CPU
		{D3F6AE53-37F2-4AF7-91F1-727AEA97ABBE}.Debug|Any CPU.ActiveCfg = Debug|Any CPU
		{D3F6AE53-37F2-4AF7-91F1-727AEA97ABBE}.Debug|Any CPU.Build.0 = Debug|Any CPU
		{D3F6AE53-37F2-4AF7-91F1-727AEA97ABBE}.Release|Any CPU.ActiveCfg = Release|Any CPU
		{D3F6AE53-37F2-4AF7-91F1-727AEA97ABBE}.Release|Any CPU.Build.0 = Release|Any CPU
		{42230025-540C-4DC4-8294-03D61EA4D2BC}.Debug|Any CPU.ActiveCfg = Debug|Any CPU
		{42230025-540C-4DC4-8294-03D61EA4D2BC}.Debug|Any CPU.Build.0 = Debug|Any CPU
		{42230025-540C-4DC4-8294-03D61EA4D2BC}.Release|Any CPU.ActiveCfg = Release|Any CPU
		{42230025-540C-4DC4-8294-03D61EA4D2BC}.Release|Any CPU.Build.0 = Release|Any CPU
		{E8A21AB9-A2C2-4EA9-9F68-277FAC0F2CCF}.Debug|Any CPU.ActiveCfg = Debug|Any CPU
		{E8A21AB9-A2C2-4EA9-9F68-277FAC0F2CCF}.Debug|Any CPU.Build.0 = Debug|Any CPU
		{E8A21AB9-A2C2-4EA9-9F68-277FAC0F2CCF}.Release|Any CPU.ActiveCfg = Release|Any CPU
		{E8A21AB9-A2C2-4EA9-9F68-277FAC0F2CCF}.Release|Any CPU.Build.0 = Release|Any CPU
		{A95D2619-4BFF-47AE-B25D-E071052ED045}.Debug|Any CPU.ActiveCfg = Debug|Any CPU
		{A95D2619-4BFF-47AE-B25D-E071052ED045}.Debug|Any CPU.Build.0 = Debug|Any CPU
		{A95D2619-4BFF-47AE-B25D-E071052ED045}.Release|Any CPU.ActiveCfg = Release|Any CPU
		{A95D2619-4BFF-47AE-B25D-E071052ED045}.Release|Any CPU.Build.0 = Release|Any CPU
		{62C8955E-2B00-40AD-B6A6-022B8EF23287}.Debug|Any CPU.ActiveCfg = Debug|Any CPU
		{62C8955E-2B00-40AD-B6A6-022B8EF23287}.Debug|Any CPU.Build.0 = Debug|Any CPU
		{62C8955E-2B00-40AD-B6A6-022B8EF23287}.Release|Any CPU.ActiveCfg = Release|Any CPU
		{62C8955E-2B00-40AD-B6A6-022B8EF23287}.Release|Any CPU.Build.0 = Release|Any CPU
		{B6DBF8A8-0E73-45AE-9324-F8948F7C8246}.Debug|Any CPU.ActiveCfg = Debug|Any CPU
		{B6DBF8A8-0E73-45AE-9324-F8948F7C8246}.Debug|Any CPU.Build.0 = Debug|Any CPU
		{B6DBF8A8-0E73-45AE-9324-F8948F7C8246}.Release|Any CPU.ActiveCfg = Release|Any CPU
		{B6DBF8A8-0E73-45AE-9324-F8948F7C8246}.Release|Any CPU.Build.0 = Release|Any CPU
		{E2B69BED-B766-4A18-AC7D-5C08058FD062}.Debug|Any CPU.ActiveCfg = Debug|Any CPU
		{E2B69BED-B766-4A18-AC7D-5C08058FD062}.Debug|Any CPU.Build.0 = Debug|Any CPU
		{E2B69BED-B766-4A18-AC7D-5C08058FD062}.Release|Any CPU.ActiveCfg = Release|Any CPU
		{E2B69BED-B766-4A18-AC7D-5C08058FD062}.Release|Any CPU.Build.0 = Release|Any CPU
		{237D11B7-9FC4-4507-AE6C-8C54C7E56030}.Debug|Any CPU.ActiveCfg = Debug|Any CPU
		{237D11B7-9FC4-4507-AE6C-8C54C7E56030}.Debug|Any CPU.Build.0 = Debug|Any CPU
		{237D11B7-9FC4-4507-AE6C-8C54C7E56030}.Release|Any CPU.ActiveCfg = Release|Any CPU
		{237D11B7-9FC4-4507-AE6C-8C54C7E56030}.Release|Any CPU.Build.0 = Release|Any CPU
		{5B8DEC93-F9CF-48E1-96A2-BDED3631C28A}.Debug|Any CPU.ActiveCfg = Debug|Any CPU
		{5B8DEC93-F9CF-48E1-96A2-BDED3631C28A}.Debug|Any CPU.Build.0 = Debug|Any CPU
		{5B8DEC93-F9CF-48E1-96A2-BDED3631C28A}.Release|Any CPU.ActiveCfg = Release|Any CPU
		{5B8DEC93-F9CF-48E1-96A2-BDED3631C28A}.Release|Any CPU.Build.0 = Release|Any CPU
		{E7FEEED3-09D4-43B4-8F90-9FB5173F7B59}.Debug|Any CPU.ActiveCfg = Debug|Any CPU
		{E7FEEED3-09D4-43B4-8F90-9FB5173F7B59}.Debug|Any CPU.Build.0 = Debug|Any CPU
		{E7FEEED3-09D4-43B4-8F90-9FB5173F7B59}.Release|Any CPU.ActiveCfg = Release|Any CPU
		{E7FEEED3-09D4-43B4-8F90-9FB5173F7B59}.Release|Any CPU.Build.0 = Release|Any CPU
		{8B35A134-B2EA-44C1-947E-D47A2256B716}.Debug|Any CPU.ActiveCfg = Debug|Any CPU
		{8B35A134-B2EA-44C1-947E-D47A2256B716}.Debug|Any CPU.Build.0 = Debug|Any CPU
		{8B35A134-B2EA-44C1-947E-D47A2256B716}.Release|Any CPU.ActiveCfg = Release|Any CPU
		{8B35A134-B2EA-44C1-947E-D47A2256B716}.Release|Any CPU.Build.0 = Release|Any CPU
	EndGlobalSection
	GlobalSection(SolutionProperties) = preSolution
		HideSolutionNode = FALSE
	EndGlobalSection
	GlobalSection(NestedProjects) = preSolution
		{BD933CE3-7071-4569-B4F7-F0641F190C75} = {9448FE45-1C21-431C-9FA6-86A0BDD7D106}
		{4D6B1A52-8F9F-4AA2-A9E1-513A0AAA0EAB} = {9448FE45-1C21-431C-9FA6-86A0BDD7D106}
		{5AAA9804-3A89-4B6B-86DA-EEC1B608907C} = {9448FE45-1C21-431C-9FA6-86A0BDD7D106}
		{72ED3D26-23CE-4688-BF64-E9F1F7F713D2} = {75226642-6534-4658-A16D-9A9B3C91DB3B}
		{2AF70081-73C2-4E24-86E7-28D2D667A272} = {75226642-6534-4658-A16D-9A9B3C91DB3B}
		{22613026-A283-4851-8066-BAEAF3E0FDBC} = {75226642-6534-4658-A16D-9A9B3C91DB3B}
		{11E4C587-5040-4987-A37B-359D93C9F018} = {BE675726-313B-4B15-B71E-8E415E9F3554}
		{7DF1E932-70EC-4EDF-A801-2CDE524C4717} = {BE675726-313B-4B15-B71E-8E415E9F3554}
		{48BEC203-EA01-44F6-9FDF-766014C52B63} = {BE675726-313B-4B15-B71E-8E415E9F3554}
		{C056578C-7CA4-4389-95E6-9BB890B42301} = {14B90AC1-274F-4891-8092-7B8E2D79F656}
		{D3F6AE53-37F2-4AF7-91F1-727AEA97ABBE} = {14B90AC1-274F-4891-8092-7B8E2D79F656}
		{42230025-540C-4DC4-8294-03D61EA4D2BC} = {14B90AC1-274F-4891-8092-7B8E2D79F656}
		{E8A21AB9-A2C2-4EA9-9F68-277FAC0F2CCF} = {EC7F194C-00DC-4246-A313-5ED244E9F44D}
		{A95D2619-4BFF-47AE-B25D-E071052ED045} = {EC7F194C-00DC-4246-A313-5ED244E9F44D}
		{62C8955E-2B00-40AD-B6A6-022B8EF23287} = {EC7F194C-00DC-4246-A313-5ED244E9F44D}
		{B6DBF8A8-0E73-45AE-9324-F8948F7C8246} = {65BBFD41-AAD6-492E-B668-4645D4DB0805}
		{E2B69BED-B766-4A18-AC7D-5C08058FD062} = {65BBFD41-AAD6-492E-B668-4645D4DB0805}
		{237D11B7-9FC4-4507-AE6C-8C54C7E56030} = {65BBFD41-AAD6-492E-B668-4645D4DB0805}
		{5B8DEC93-F9CF-48E1-96A2-BDED3631C28A} = {4CD3240D-6BF0-4A14-85A7-7B06B0E4B6EA}
		{E7FEEED3-09D4-43B4-8F90-9FB5173F7B59} = {4CD3240D-6BF0-4A14-85A7-7B06B0E4B6EA}
		{8B35A134-B2EA-44C1-947E-D47A2256B716} = {4CD3240D-6BF0-4A14-85A7-7B06B0E4B6EA}
	EndGlobalSection
	GlobalSection(ExtensibilityGlobals) = postSolution
		SolutionGuid = {0E3B3198-FE77-4232-ADBB-705114B2121E}
	EndGlobalSection
EndGlobal
